
Microsoft Visual Studio Solution File, Format Version 12.00
# Visual Studio Version 17
VisualStudioVersion = 17.2.32616.157
MinimumVisualStudioVersion = 10.0.40219.1
Project("{9A19103F-16F7-4668-BE54-9A1E7A4F7556}") = "local_medusa", "local_medusa.csproj", "{6E30F234-B150-49F1-A6CC-C9AEBF443111}"
EndProject
Global
	GlobalSection(SolutionConfigurationPlatforms) = preSolution
		Debug|Any CPU = Debug|Any CPU
		Release|Any CPU = Release|Any CPU
	EndGlobalSection
	GlobalSection(ProjectConfigurationPlatforms) = postSolution
		{6E30F234-B150-49F1-A6CC-C9AEBF443111}.Debug|Any CPU.ActiveCfg = Debug|Any CPU
		{6E30F234-B150-49F1-A6CC-C9AEBF443111}.Debug|Any CPU.Build.0 = Debug|Any CPU
		{6E30F234-B150-49F1-A6CC-C9AEBF443111}.Release|Any CPU.ActiveCfg = Release|Any CPU
		{6E30F234-B150-49F1-A6CC-C9AEBF443111}.Release|Any CPU.Build.0 = Release|Any CPU
	EndGlobalSection
	GlobalSection(SolutionProperties) = preSolution
		HideSolutionNode = FALSE
	EndGlobalSection
	GlobalSection(ExtensibilityGlobals) = postSolution
		SolutionGuid = {81217280-34BA-4F4B-80D6-0CA4D14BF934}
	EndGlobalSection
EndGlobal
